// !$*UTF8*$!
{
	archiveVersion = 1;
	classes = {
	};
	objectVersion = 55;
	objects = {

/* Begin PBXBuildFile section */
		A83F37CC27B2C7AC00766A40 /* AppDelegate.swift in Sources */ = {isa = PBXBuildFile; fileRef = A83F37CB27B2C7AC00766A40 /* AppDelegate.swift */; };
		A83F37CE27B2C7AC00766A40 /* SceneDelegate.swift in Sources */ = {isa = PBXBuildFile; fileRef = A83F37CD27B2C7AC00766A40 /* SceneDelegate.swift */; };
		A83F37D027B2C7AC00766A40 /* CodeListViewController.swift in Sources */ = {isa = PBXBuildFile; fileRef = A83F37CF27B2C7AC00766A40 /* CodeListViewController.swift */; };
		A83F37D327B2C7AC00766A40 /* Main.storyboard in Resources */ = {isa = PBXBuildFile; fileRef = A83F37D127B2C7AC00766A40 /* Main.storyboard */; };
		A83F37D527B2C7AE00766A40 /* Assets.xcassets in Resources */ = {isa = PBXBuildFile; fileRef = A83F37D427B2C7AE00766A40 /* Assets.xcassets */; };
		A83F37D827B2C7AE00766A40 /* LaunchScreen.storyboard in Resources */ = {isa = PBXBuildFile; fileRef = A83F37D627B2C7AE00766A40 /* LaunchScreen.storyboard */; };
		A83F37E327B2C7AE00766A40 /* ExchangeRateTests.swift in Sources */ = {isa = PBXBuildFile; fileRef = A83F37E227B2C7AE00766A40 /* ExchangeRateTests.swift */; };
		A83F37ED27B2C7AE00766A40 /* ExchangeRateUITests.swift in Sources */ = {isa = PBXBuildFile; fileRef = A83F37EC27B2C7AE00766A40 /* ExchangeRateUITests.swift */; };
		A83F37EF27B2C7AE00766A40 /* ExchangeRateUITestsLaunchTests.swift in Sources */ = {isa = PBXBuildFile; fileRef = A83F37EE27B2C7AE00766A40 /* ExchangeRateUITestsLaunchTests.swift */; };
		A83F37FD27B2CACD00766A40 /* APIManager.swift in Sources */ = {isa = PBXBuildFile; fileRef = A83F37FC27B2CACD00766A40 /* APIManager.swift */; };
		A83F380027B2CC3500766A40 /* Models.swift in Sources */ = {isa = PBXBuildFile; fileRef = A83F37FF27B2CC3500766A40 /* Models.swift */; };
		A83F380527B373F600766A40 /* DataInstance.swift in Sources */ = {isa = PBXBuildFile; fileRef = A83F380427B373F600766A40 /* DataInstance.swift */; };
		A83F380727B3970800766A40 /* StandardListViewController.swift in Sources */ = {isa = PBXBuildFile; fileRef = A83F380627B3970800766A40 /* StandardListViewController.swift */; };
		A83F380A27B3C89100766A40 /* CodeTableViewCell.swift in Sources */ = {isa = PBXBuildFile; fileRef = A83F380927B3C89100766A40 /* CodeTableViewCell.swift */; };
		A83F380D27B3CA6600766A40 /* CodeCellViewModel.swift in Sources */ = {isa = PBXBuildFile; fileRef = A83F380C27B3CA6600766A40 /* CodeCellViewModel.swift */; };
		A83F380F27B81ADF00766A40 /* StandardTableViewCell.swift in Sources */ = {isa = PBXBuildFile; fileRef = A83F380E27B81ADF00766A40 /* StandardTableViewCell.swift */; };
		A83F381127B81B0F00766A40 /* StandardCellViewModel.swift in Sources */ = {isa = PBXBuildFile; fileRef = A83F381027B81B0F00766A40 /* StandardCellViewModel.swift */; };
		A85FE9BB27B8E8A700C14676 /* PairConversionViewController.swift in Sources */ = {isa = PBXBuildFile; fileRef = A85FE9BA27B8E8A700C14676 /* PairConversionViewController.swift */; };
		A85FE9BD27B985FB00C14676 /* Utilities.swift in Sources */ = {isa = PBXBuildFile; fileRef = A85FE9BC27B985FB00C14676 /* Utilities.swift */; };
		A85FE9BF27B9E93100C14676 /* Errors.swift in Sources */ = {isa = PBXBuildFile; fileRef = A85FE9BE27B9E93100C14676 /* Errors.swift */; };
/* End PBXBuildFile section */

/* Begin PBXContainerItemProxy section */
		A83F37DF27B2C7AE00766A40 /* PBXContainerItemProxy */ = {
			isa = PBXContainerItemProxy;
			containerPortal = A83F37C027B2C7AC00766A40 /* Project object */;
			proxyType = 1;
			remoteGlobalIDString = A83F37C727B2C7AC00766A40;
			remoteInfo = ExchangeRate;
		};
		A83F37E927B2C7AE00766A40 /* PBXContainerItemProxy */ = {
			isa = PBXContainerItemProxy;
			containerPortal = A83F37C027B2C7AC00766A40 /* Project object */;
			proxyType = 1;
			remoteGlobalIDString = A83F37C727B2C7AC00766A40;
			remoteInfo = ExchangeRate;
		};
/* End PBXContainerItemProxy section */

/* Begin PBXFileReference section */
		A83F37C827B2C7AC00766A40 /* ExchangeRate.app */ = {isa = PBXFileReference; explicitFileType = wrapper.application; includeInIndex = 0; path = ExchangeRate.app; sourceTree = BUILT_PRODUCTS_DIR; };
		A83F37CB27B2C7AC00766A40 /* AppDelegate.swift */ = {isa = PBXFileReference; lastKnownFileType = sourcecode.swift; path = AppDelegate.swift; sourceTree = "<group>"; };
		A83F37CD27B2C7AC00766A40 /* SceneDelegate.swift */ = {isa = PBXFileReference; lastKnownFileType = sourcecode.swift; path = SceneDelegate.swift; sourceTree = "<group>"; };
		A83F37CF27B2C7AC00766A40 /* CodeListViewController.swift */ = {isa = PBXFileReference; lastKnownFileType = sourcecode.swift; path = CodeListViewController.swift; sourceTree = "<group>"; };
		A83F37D227B2C7AC00766A40 /* Base */ = {isa = PBXFileReference; lastKnownFileType = file.storyboard; name = Base; path = Base.lproj/Main.storyboard; sourceTree = "<group>"; };
		A83F37D427B2C7AE00766A40 /* Assets.xcassets */ = {isa = PBXFileReference; lastKnownFileType = folder.assetcatalog; path = Assets.xcassets; sourceTree = "<group>"; };
		A83F37D727B2C7AE00766A40 /* Base */ = {isa = PBXFileReference; lastKnownFileType = file.storyboard; name = Base; path = Base.lproj/LaunchScreen.storyboard; sourceTree = "<group>"; };
		A83F37D927B2C7AE00766A40 /* Info.plist */ = {isa = PBXFileReference; lastKnownFileType = text.plist.xml; path = Info.plist; sourceTree = "<group>"; };
		A83F37DE27B2C7AE00766A40 /* ExchangeRateTests.xctest */ = {isa = PBXFileReference; explicitFileType = wrapper.cfbundle; includeInIndex = 0; path = ExchangeRateTests.xctest; sourceTree = BUILT_PRODUCTS_DIR; };
		A83F37E227B2C7AE00766A40 /* ExchangeRateTests.swift */ = {isa = PBXFileReference; lastKnownFileType = sourcecode.swift; path = ExchangeRateTests.swift; sourceTree = "<group>"; };
		A83F37E827B2C7AE00766A40 /* ExchangeRateUITests.xctest */ = {isa = PBXFileReference; explicitFileType = wrapper.cfbundle; includeInIndex = 0; path = ExchangeRateUITests.xctest; sourceTree = BUILT_PRODUCTS_DIR; };
		A83F37EC27B2C7AE00766A40 /* ExchangeRateUITests.swift */ = {isa = PBXFileReference; lastKnownFileType = sourcecode.swift; path = ExchangeRateUITests.swift; sourceTree = "<group>"; };
		A83F37EE27B2C7AE00766A40 /* ExchangeRateUITestsLaunchTests.swift */ = {isa = PBXFileReference; lastKnownFileType = sourcecode.swift; path = ExchangeRateUITestsLaunchTests.swift; sourceTree = "<group>"; };
		A83F37FC27B2CACD00766A40 /* APIManager.swift */ = {isa = PBXFileReference; lastKnownFileType = sourcecode.swift; path = APIManager.swift; sourceTree = "<group>"; };
		A83F37FF27B2CC3500766A40 /* Models.swift */ = {isa = PBXFileReference; lastKnownFileType = sourcecode.swift; path = Models.swift; sourceTree = "<group>"; };
		A83F380427B373F600766A40 /* DataInstance.swift */ = {isa = PBXFileReference; lastKnownFileType = sourcecode.swift; path = DataInstance.swift; sourceTree = "<group>"; };
		A83F380627B3970800766A40 /* StandardListViewController.swift */ = {isa = PBXFileReference; lastKnownFileType = sourcecode.swift; path = StandardListViewController.swift; sourceTree = "<group>"; };
		A83F380927B3C89100766A40 /* CodeTableViewCell.swift */ = {isa = PBXFileReference; lastKnownFileType = sourcecode.swift; path = CodeTableViewCell.swift; sourceTree = "<group>"; };
		A83F380C27B3CA6600766A40 /* CodeCellViewModel.swift */ = {isa = PBXFileReference; lastKnownFileType = sourcecode.swift; path = CodeCellViewModel.swift; sourceTree = "<group>"; };
		A83F380E27B81ADF00766A40 /* StandardTableViewCell.swift */ = {isa = PBXFileReference; lastKnownFileType = sourcecode.swift; path = StandardTableViewCell.swift; sourceTree = "<group>"; };
		A83F381027B81B0F00766A40 /* StandardCellViewModel.swift */ = {isa = PBXFileReference; lastKnownFileType = sourcecode.swift; path = StandardCellViewModel.swift; sourceTree = "<group>"; };
		A85FE9BA27B8E8A700C14676 /* PairConversionViewController.swift */ = {isa = PBXFileReference; lastKnownFileType = sourcecode.swift; path = PairConversionViewController.swift; sourceTree = "<group>"; };
		A85FE9BC27B985FB00C14676 /* Utilities.swift */ = {isa = PBXFileReference; lastKnownFileType = sourcecode.swift; path = Utilities.swift; sourceTree = "<group>"; };
		A85FE9BE27B9E93100C14676 /* Errors.swift */ = {isa = PBXFileReference; lastKnownFileType = sourcecode.swift; path = Errors.swift; sourceTree = "<group>"; };
/* End PBXFileReference section */

/* Begin PBXFrameworksBuildPhase section */
		A83F37C527B2C7AC00766A40 /* Frameworks */ = {
			isa = PBXFrameworksBuildPhase;
			buildActionMask = 2147483647;
			files = (
			);
			runOnlyForDeploymentPostprocessing = 0;
		};
		A83F37DB27B2C7AE00766A40 /* Frameworks */ = {
			isa = PBXFrameworksBuildPhase;
			buildActionMask = 2147483647;
			files = (
			);
			runOnlyForDeploymentPostprocessing = 0;
		};
		A83F37E527B2C7AE00766A40 /* Frameworks */ = {
			isa = PBXFrameworksBuildPhase;
			buildActionMask = 2147483647;
			files = (
			);
			runOnlyForDeploymentPostprocessing = 0;
		};
/* End PBXFrameworksBuildPhase section */

/* Begin PBXGroup section */
		A83F37BF27B2C7AC00766A40 = {
			isa = PBXGroup;
			children = (
				A83F37CA27B2C7AC00766A40 /* ExchangeRate */,
				A83F37E127B2C7AE00766A40 /* ExchangeRateTests */,
				A83F37EB27B2C7AE00766A40 /* ExchangeRateUITests */,
				A83F37C927B2C7AC00766A40 /* Products */,
			);
			sourceTree = "<group>";
		};
		A83F37C927B2C7AC00766A40 /* Products */ = {
			isa = PBXGroup;
			children = (
				A83F37C827B2C7AC00766A40 /* ExchangeRate.app */,
				A83F37DE27B2C7AE00766A40 /* ExchangeRateTests.xctest */,
				A83F37E827B2C7AE00766A40 /* ExchangeRateUITests.xctest */,
			);
			name = Products;
			sourceTree = "<group>";
		};
		A83F37CA27B2C7AC00766A40 /* ExchangeRate */ = {
			isa = PBXGroup;
			children = (
				A83F380B27B3CA4600766A40 /* ViewModels */,
				A83F380827B3C87700766A40 /* Views */,
				A83F380127B3695800766A40 /* Controllers */,
				A83F37FE27B2CB5300766A40 /* Models */,
				A83F37FB27B2CA9E00766A40 /* Services */,
				A83F37CB27B2C7AC00766A40 /* AppDelegate.swift */,
				A83F37CD27B2C7AC00766A40 /* SceneDelegate.swift */,
				A83F37D127B2C7AC00766A40 /* Main.storyboard */,
				A83F37D427B2C7AE00766A40 /* Assets.xcassets */,
				A83F37D627B2C7AE00766A40 /* LaunchScreen.storyboard */,
				A83F37D927B2C7AE00766A40 /* Info.plist */,
			);
			path = ExchangeRate;
			sourceTree = "<group>";
		};
		A83F37E127B2C7AE00766A40 /* ExchangeRateTests */ = {
			isa = PBXGroup;
			children = (
				A83F37E227B2C7AE00766A40 /* ExchangeRateTests.swift */,
			);
			path = ExchangeRateTests;
			sourceTree = "<group>";
		};
		A83F37EB27B2C7AE00766A40 /* ExchangeRateUITests */ = {
			isa = PBXGroup;
			children = (
				A83F37EC27B2C7AE00766A40 /* ExchangeRateUITests.swift */,
				A83F37EE27B2C7AE00766A40 /* ExchangeRateUITestsLaunchTests.swift */,
			);
			path = ExchangeRateUITests;
			sourceTree = "<group>";
		};
		A83F37FB27B2CA9E00766A40 /* Services */ = {
			isa = PBXGroup;
			children = (
				A83F37FC27B2CACD00766A40 /* APIManager.swift */,
				A83F380427B373F600766A40 /* DataInstance.swift */,
				A85FE9BC27B985FB00C14676 /* Utilities.swift */,
			);
			path = Services;
			sourceTree = "<group>";
		};
		A83F37FE27B2CB5300766A40 /* Models */ = {
			isa = PBXGroup;
			children = (
				A83F37FF27B2CC3500766A40 /* Models.swift */,
				A85FE9BE27B9E93100C14676 /* Errors.swift */,
			);
			path = Models;
			sourceTree = "<group>";
		};
		A83F380127B3695800766A40 /* Controllers */ = {
			isa = PBXGroup;
			children = (
				A83F37CF27B2C7AC00766A40 /* CodeListViewController.swift */,
				A83F380627B3970800766A40 /* StandardListViewController.swift */,
				A85FE9BA27B8E8A700C14676 /* PairConversionViewController.swift */,
			);
			path = Controllers;
			sourceTree = "<group>";
		};
		A83F380827B3C87700766A40 /* Views */ = {
			isa = PBXGroup;
			children = (
				A83F380927B3C89100766A40 /* CodeTableViewCell.swift */,
				A83F380E27B81ADF00766A40 /* StandardTableViewCell.swift */,
			);
			path = Views;
			sourceTree = "<group>";
		};
		A83F380B27B3CA4600766A40 /* ViewModels */ = {
			isa = PBXGroup;
			children = (
				A83F380C27B3CA6600766A40 /* CodeCellViewModel.swift */,
				A83F381027B81B0F00766A40 /* StandardCellViewModel.swift */,
			);
			path = ViewModels;
			sourceTree = "<group>";
		};
/* End PBXGroup section */

/* Begin PBXNativeTarget section */
		A83F37C727B2C7AC00766A40 /* ExchangeRate */ = {
			isa = PBXNativeTarget;
			buildConfigurationList = A83F37F227B2C7AE00766A40 /* Build configuration list for PBXNativeTarget "ExchangeRate" */;
			buildPhases = (
				A83F37C427B2C7AC00766A40 /* Sources */,
				A83F37C527B2C7AC00766A40 /* Frameworks */,
				A83F37C627B2C7AC00766A40 /* Resources */,
			);
			buildRules = (
			);
			dependencies = (
			);
			name = ExchangeRate;
			productName = ExchangeRate;
			productReference = A83F37C827B2C7AC00766A40 /* ExchangeRate.app */;
			productType = "com.apple.product-type.application";
		};
		A83F37DD27B2C7AE00766A40 /* ExchangeRateTests */ = {
			isa = PBXNativeTarget;
			buildConfigurationList = A83F37F527B2C7AE00766A40 /* Build configuration list for PBXNativeTarget "ExchangeRateTests" */;
			buildPhases = (
				A83F37DA27B2C7AE00766A40 /* Sources */,
				A83F37DB27B2C7AE00766A40 /* Frameworks */,
				A83F37DC27B2C7AE00766A40 /* Resources */,
			);
			buildRules = (
			);
			dependencies = (
				A83F37E027B2C7AE00766A40 /* PBXTargetDependency */,
			);
			name = ExchangeRateTests;
			productName = ExchangeRateTests;
			productReference = A83F37DE27B2C7AE00766A40 /* ExchangeRateTests.xctest */;
			productType = "com.apple.product-type.bundle.unit-test";
		};
		A83F37E727B2C7AE00766A40 /* ExchangeRateUITests */ = {
			isa = PBXNativeTarget;
			buildConfigurationList = A83F37F827B2C7AE00766A40 /* Build configuration list for PBXNativeTarget "ExchangeRateUITests" */;
			buildPhases = (
				A83F37E427B2C7AE00766A40 /* Sources */,
				A83F37E527B2C7AE00766A40 /* Frameworks */,
				A83F37E627B2C7AE00766A40 /* Resources */,
			);
			buildRules = (
			);
			dependencies = (
				A83F37EA27B2C7AE00766A40 /* PBXTargetDependency */,
			);
			name = ExchangeRateUITests;
			productName = ExchangeRateUITests;
			productReference = A83F37E827B2C7AE00766A40 /* ExchangeRateUITests.xctest */;
			productType = "com.apple.product-type.bundle.ui-testing";
		};
/* End PBXNativeTarget section */

/* Begin PBXProject section */
		A83F37C027B2C7AC00766A40 /* Project object */ = {
			isa = PBXProject;
			attributes = {
				BuildIndependentTargetsInParallel = 1;
				LastSwiftUpdateCheck = 1320;
				LastUpgradeCheck = 1320;
				TargetAttributes = {
					A83F37C727B2C7AC00766A40 = {
						CreatedOnToolsVersion = 13.2.1;
					};
					A83F37DD27B2C7AE00766A40 = {
						CreatedOnToolsVersion = 13.2.1;
						TestTargetID = A83F37C727B2C7AC00766A40;
					};
					A83F37E727B2C7AE00766A40 = {
						CreatedOnToolsVersion = 13.2.1;
						TestTargetID = A83F37C727B2C7AC00766A40;
					};
				};
			};
			buildConfigurationList = A83F37C327B2C7AC00766A40 /* Build configuration list for PBXProject "ExchangeRate" */;
			compatibilityVersion = "Xcode 13.0";
			developmentRegion = en;
			hasScannedForEncodings = 0;
			knownRegions = (
				en,
				Base,
			);
			mainGroup = A83F37BF27B2C7AC00766A40;
			productRefGroup = A83F37C927B2C7AC00766A40 /* Products */;
			projectDirPath = "";
			projectRoot = "";
			targets = (
				A83F37C727B2C7AC00766A40 /* ExchangeRate */,
				A83F37DD27B2C7AE00766A40 /* ExchangeRateTests */,
				A83F37E727B2C7AE00766A40 /* ExchangeRateUITests */,
			);
		};
/* End PBXProject section */

/* Begin PBXResourcesBuildPhase section */
		A83F37C627B2C7AC00766A40 /* Resources */ = {
			isa = PBXResourcesBuildPhase;
			buildActionMask = 2147483647;
			files = (
				A83F37D827B2C7AE00766A40 /* LaunchScreen.storyboard in Resources */,
				A83F37D527B2C7AE00766A40 /* Assets.xcassets in Resources */,
				A83F37D327B2C7AC00766A40 /* Main.storyboard in Resources */,
			);
			runOnlyForDeploymentPostprocessing = 0;
		};
		A83F37DC27B2C7AE00766A40 /* Resources */ = {
			isa = PBXResourcesBuildPhase;
			buildActionMask = 2147483647;
			files = (
			);
			runOnlyForDeploymentPostprocessing = 0;
		};
		A83F37E627B2C7AE00766A40 /* Resources */ = {
			isa = PBXResourcesBuildPhase;
			buildActionMask = 2147483647;
			files = (
			);
			runOnlyForDeploymentPostprocessing = 0;
		};
/* End PBXResourcesBuildPhase section */

/* Begin PBXSourcesBuildPhase section */
		A83F37C427B2C7AC00766A40 /* Sources */ = {
			isa = PBXSourcesBuildPhase;
			buildActionMask = 2147483647;
			files = (
				A83F380F27B81ADF00766A40 /* StandardTableViewCell.swift in Sources */,
				A83F37FD27B2CACD00766A40 /* APIManager.swift in Sources */,
				A83F37D027B2C7AC00766A40 /* CodeListViewController.swift in Sources */,
				A83F37CC27B2C7AC00766A40 /* AppDelegate.swift in Sources */,
				A85FE9BD27B985FB00C14676 /* Utilities.swift in Sources */,
				A83F380727B3970800766A40 /* StandardListViewController.swift in Sources */,
				A85FE9BF27B9E93100C14676 /* Errors.swift in Sources */,
				A83F380D27B3CA6600766A40 /* CodeCellViewModel.swift in Sources */,
				A85FE9BB27B8E8A700C14676 /* PairConversionViewController.swift in Sources */,
				A83F37CE27B2C7AC00766A40 /* SceneDelegate.swift in Sources */,
				A83F380A27B3C89100766A40 /* CodeTableViewCell.swift in Sources */,
				A83F380027B2CC3500766A40 /* Models.swift in Sources */,
				A83F380527B373F600766A40 /* DataInstance.swift in Sources */,
				A83F381127B81B0F00766A40 /* StandardCellViewModel.swift in Sources */,
			);
			runOnlyForDeploymentPostprocessing = 0;
		};
		A83F37DA27B2C7AE00766A40 /* Sources */ = {
			isa = PBXSourcesBuildPhase;
			buildActionMask = 2147483647;
			files = (
				A83F37E327B2C7AE00766A40 /* ExchangeRateTests.swift in Sources */,
			);
			runOnlyForDeploymentPostprocessing = 0;
		};
		A83F37E427B2C7AE00766A40 /* Sources */ = {
			isa = PBXSourcesBuildPhase;
			buildActionMask = 2147483647;
			files = (
				A83F37ED27B2C7AE00766A40 /* ExchangeRateUITests.swift in Sources */,
				A83F37EF27B2C7AE00766A40 /* ExchangeRateUITestsLaunchTests.swift in Sources */,
			);
			runOnlyForDeploymentPostprocessing = 0;
		};
/* End PBXSourcesBuildPhase section */

/* Begin PBXTargetDependency section */
		A83F37E027B2C7AE00766A40 /* PBXTargetDependency */ = {
			isa = PBXTargetDependency;
			target = A83F37C727B2C7AC00766A40 /* ExchangeRate */;
			targetProxy = A83F37DF27B2C7AE00766A40 /* PBXContainerItemProxy */;
		};
		A83F37EA27B2C7AE00766A40 /* PBXTargetDependency */ = {
			isa = PBXTargetDependency;
			target = A83F37C727B2C7AC00766A40 /* ExchangeRate */;
			targetProxy = A83F37E927B2C7AE00766A40 /* PBXContainerItemProxy */;
		};
/* End PBXTargetDependency section */

/* Begin PBXVariantGroup section */
		A83F37D127B2C7AC00766A40 /* Main.storyboard */ = {
			isa = PBXVariantGroup;
			children = (
				A83F37D227B2C7AC00766A40 /* Base */,
			);
			name = Main.storyboard;
			sourceTree = "<group>";
		};
		A83F37D627B2C7AE00766A40 /* LaunchScreen.storyboard */ = {
			isa = PBXVariantGroup;
			children = (
				A83F37D727B2C7AE00766A40 /* Base */,
			);
			name = LaunchScreen.storyboard;
			sourceTree = "<group>";
		};
/* End PBXVariantGroup section */

/* Begin XCBuildConfiguration section */
		A83F37F027B2C7AE00766A40 /* Debug */ = {
			isa = XCBuildConfiguration;
			buildSettings = {
				ALWAYS_SEARCH_USER_PATHS = NO;
				CLANG_ANALYZER_NONNULL = YES;
				CLANG_ANALYZER_NUMBER_OBJECT_CONVERSION = YES_AGGRESSIVE;
				CLANG_CXX_LANGUAGE_STANDARD = "gnu++17";
				CLANG_CXX_LIBRARY = "libc++";
				CLANG_ENABLE_MODULES = YES;
				CLANG_ENABLE_OBJC_ARC = YES;
				CLANG_ENABLE_OBJC_WEAK = YES;
				CLANG_WARN_BLOCK_CAPTURE_AUTORELEASING = YES;
				CLANG_WARN_BOOL_CONVERSION = YES;
				CLANG_WARN_COMMA = YES;
				CLANG_WARN_CONSTANT_CONVERSION = YES;
				CLANG_WARN_DEPRECATED_OBJC_IMPLEMENTATIONS = YES;
				CLANG_WARN_DIRECT_OBJC_ISA_USAGE = YES_ERROR;
				CLANG_WARN_DOCUMENTATION_COMMENTS = YES;
				CLANG_WARN_EMPTY_BODY = YES;
				CLANG_WARN_ENUM_CONVERSION = YES;
				CLANG_WARN_INFINITE_RECURSION = YES;
				CLANG_WARN_INT_CONVERSION = YES;
				CLANG_WARN_NON_LITERAL_NULL_CONVERSION = YES;
				CLANG_WARN_OBJC_IMPLICIT_RETAIN_SELF = YES;
				CLANG_WARN_OBJC_LITERAL_CONVERSION = YES;
				CLANG_WARN_OBJC_ROOT_CLASS = YES_ERROR;
				CLANG_WARN_QUOTED_INCLUDE_IN_FRAMEWORK_HEADER = YES;
				CLANG_WARN_RANGE_LOOP_ANALYSIS = YES;
				CLANG_WARN_STRICT_PROTOTYPES = YES;
				CLANG_WARN_SUSPICIOUS_MOVE = YES;
				CLANG_WARN_UNGUARDED_AVAILABILITY = YES_AGGRESSIVE;
				CLANG_WARN_UNREACHABLE_CODE = YES;
				CLANG_WARN__DUPLICATE_METHOD_MATCH = YES;
				COPY_PHASE_STRIP = NO;
				DEBUG_INFORMATION_FORMAT = dwarf;
				ENABLE_STRICT_OBJC_MSGSEND = YES;
				ENABLE_TESTABILITY = YES;
				GCC_C_LANGUAGE_STANDARD = gnu11;
				GCC_DYNAMIC_NO_PIC = NO;
				GCC_NO_COMMON_BLOCKS = YES;
				GCC_OPTIMIZATION_LEVEL = 0;
				GCC_PREPROCESSOR_DEFINITIONS = (
					"DEBUG=1",
					"$(inherited)",
				);
				GCC_WARN_64_TO_32_BIT_CONVERSION = YES;
				GCC_WARN_ABOUT_RETURN_TYPE = YES_ERROR;
				GCC_WARN_UNDECLARED_SELECTOR = YES;
				GCC_WARN_UNINITIALIZED_AUTOS = YES_AGGRESSIVE;
				GCC_WARN_UNUSED_FUNCTION = YES;
				GCC_WARN_UNUSED_VARIABLE = YES;
				IPHONEOS_DEPLOYMENT_TARGET = 14.0;
				MTL_ENABLE_DEBUG_INFO = INCLUDE_SOURCE;
				MTL_FAST_MATH = YES;
				ONLY_ACTIVE_ARCH = YES;
				SDKROOT = iphoneos;
				SWIFT_ACTIVE_COMPILATION_CONDITIONS = DEBUG;
				SWIFT_OPTIMIZATION_LEVEL = "-Onone";
			};
			name = Debug;
		};
		A83F37F127B2C7AE00766A40 /* Release */ = {
			isa = XCBuildConfiguration;
			buildSettings = {
				ALWAYS_SEARCH_USER_PATHS = NO;
				CLANG_ANALYZER_NONNULL = YES;
				CLANG_ANALYZER_NUMBER_OBJECT_CONVERSION = YES_AGGRESSIVE;
				CLANG_CXX_LANGUAGE_STANDARD = "gnu++17";
				CLANG_CXX_LIBRARY = "libc++";
				CLANG_ENABLE_MODULES = YES;
				CLANG_ENABLE_OBJC_ARC = YES;
				CLANG_ENABLE_OBJC_WEAK = YES;
				CLANG_WARN_BLOCK_CAPTURE_AUTORELEASING = YES;
				CLANG_WARN_BOOL_CONVERSION = YES;
				CLANG_WARN_COMMA = YES;
				CLANG_WARN_CONSTANT_CONVERSION = YES;
				CLANG_WARN_DEPRECATED_OBJC_IMPLEMENTATIONS = YES;
				CLANG_WARN_DIRECT_OBJC_ISA_USAGE = YES_ERROR;
				CLANG_WARN_DOCUMENTATION_COMMENTS = YES;
				CLANG_WARN_EMPTY_BODY = YES;
				CLANG_WARN_ENUM_CONVERSION = YES;
				CLANG_WARN_INFINITE_RECURSION = YES;
				CLANG_WARN_INT_CONVERSION = YES;
				CLANG_WARN_NON_LITERAL_NULL_CONVERSION = YES;
				CLANG_WARN_OBJC_IMPLICIT_RETAIN_SELF = YES;
				CLANG_WARN_OBJC_LITERAL_CONVERSION = YES;
				CLANG_WARN_OBJC_ROOT_CLASS = YES_ERROR;
				CLANG_WARN_QUOTED_INCLUDE_IN_FRAMEWORK_HEADER = YES;
				CLANG_WARN_RANGE_LOOP_ANALYSIS = YES;
				CLANG_WARN_STRICT_PROTOTYPES = YES;
				CLANG_WARN_SUSPICIOUS_MOVE = YES;
				CLANG_WARN_UNGUARDED_AVAILABILITY = YES_AGGRESSIVE;
				CLANG_WARN_UNREACHABLE_CODE = YES;
				CLANG_WARN__DUPLICATE_METHOD_MATCH = YES;
				COPY_PHASE_STRIP = NO;
				DEBUG_INFORMATION_FORMAT = "dwarf-with-dsym";
				ENABLE_NS_ASSERTIONS = NO;
				ENABLE_STRICT_OBJC_MSGSEND = YES;
				GCC_C_LANGUAGE_STANDARD = gnu11;
				GCC_NO_COMMON_BLOCKS = YES;
				GCC_WARN_64_TO_32_BIT_CONVERSION = YES;
				GCC_WARN_ABOUT_RETURN_TYPE = YES_ERROR;
				GCC_WARN_UNDECLARED_SELECTOR = YES;
				GCC_WARN_UNINITIALIZED_AUTOS = YES_AGGRESSIVE;
				GCC_WARN_UNUSED_FUNCTION = YES;
				GCC_WARN_UNUSED_VARIABLE = YES;
				IPHONEOS_DEPLOYMENT_TARGET = 14.0;
				MTL_ENABLE_DEBUG_INFO = NO;
				MTL_FAST_MATH = YES;
				SDKROOT = iphoneos;
				SWIFT_COMPILATION_MODE = wholemodule;
				SWIFT_OPTIMIZATION_LEVEL = "-O";
				VALIDATE_PRODUCT = YES;
			};
			name = Release;
		};
		A83F37F327B2C7AE00766A40 /* Debug */ = {
			isa = XCBuildConfiguration;
			buildSettings = {
				ASSETCATALOG_COMPILER_APPICON_NAME = AppIcon;
				ASSETCATALOG_COMPILER_GLOBAL_ACCENT_COLOR_NAME = AccentColor;
				CODE_SIGN_STYLE = Automatic;
				CURRENT_PROJECT_VERSION = 1;
				DEVELOPMENT_TEAM = KWT52B2348;
				GENERATE_INFOPLIST_FILE = YES;
				INFOPLIST_FILE = ExchangeRate/Info.plist;
				INFOPLIST_KEY_UIApplicationSupportsIndirectInputEvents = YES;
				INFOPLIST_KEY_UILaunchStoryboardName = LaunchScreen;
				INFOPLIST_KEY_UIMainStoryboardFile = Main;
				INFOPLIST_KEY_UISupportedInterfaceOrientations = UIInterfaceOrientationPortrait;
				INFOPLIST_KEY_UISupportedInterfaceOrientations_iPad = "UIInterfaceOrientationPortrait UIInterfaceOrientationPortraitUpsideDown UIInterfaceOrientationLandscapeLeft UIInterfaceOrientationLandscapeRight";
				INFOPLIST_KEY_UISupportedInterfaceOrientations_iPhone = "UIInterfaceOrientationPortrait UIInterfaceOrientationLandscapeLeft UIInterfaceOrientationLandscapeRight";
				LD_RUNPATH_SEARCH_PATHS = (
					"$(inherited)",
					"@executable_path/Frameworks",
				);
				MARKETING_VERSION = 1.0;
				PRODUCT_BUNDLE_IDENTIFIER = com.mrhangz.ExchangeRate;
				PRODUCT_NAME = "$(TARGET_NAME)";
				SWIFT_EMIT_LOC_STRINGS = YES;
				SWIFT_VERSION = 5.0;
				TARGETED_DEVICE_FAMILY = 1;
			};
			name = Debug;
		};
		A83F37F427B2C7AE00766A40 /* Release */ = {
			isa = XCBuildConfiguration;
			buildSettings = {
				ASSETCATALOG_COMPILER_APPICON_NAME = AppIcon;
				ASSETCATALOG_COMPILER_GLOBAL_ACCENT_COLOR_NAME = AccentColor;
				CODE_SIGN_STYLE = Automatic;
				CURRENT_PROJECT_VERSION = 1;
				DEVELOPMENT_TEAM = KWT52B2348;
				GENERATE_INFOPLIST_FILE = YES;
				INFOPLIST_FILE = ExchangeRate/Info.plist;
				INFOPLIST_KEY_UIApplicationSupportsIndirectInputEvents = YES;
				INFOPLIST_KEY_UILaunchStoryboardName = LaunchScreen;
				INFOPLIST_KEY_UIMainStoryboardFile = Main;
				INFOPLIST_KEY_UISupportedInterfaceOrientations = UIInterfaceOrientationPortrait;
				INFOPLIST_KEY_UISupportedInterfaceOrientations_iPad = "UIInterfaceOrientationPortrait UIInterfaceOrientationPortraitUpsideDown UIInterfaceOrientationLandscapeLeft UIInterfaceOrientationLandscapeRight";
				INFOPLIST_KEY_UISupportedInterfaceOrientations_iPhone = "UIInterfaceOrientationPortrait UIInterfaceOrientationLandscapeLeft UIInterfaceOrientationLandscapeRight";
				LD_RUNPATH_SEARCH_PATHS = (
					"$(inherited)",
					"@executable_path/Frameworks",
				);
				MARKETING_VERSION = 1.0;
				PRODUCT_BUNDLE_IDENTIFIER = com.mrhangz.ExchangeRate;
				PRODUCT_NAME = "$(TARGET_NAME)";
				SWIFT_EMIT_LOC_STRINGS = YES;
				SWIFT_VERSION = 5.0;
				TARGETED_DEVICE_FAMILY = 1;
			};
			name = Release;
		};
		A83F37F627B2C7AE00766A40 /* Debug */ = {
			isa = XCBuildConfiguration;
			buildSettings = {
				ALWAYS_EMBED_SWIFT_STANDARD_LIBRARIES = YES;
				BUNDLE_LOADER = "$(TEST_HOST)";
				CODE_SIGN_STYLE = Automatic;
				CURRENT_PROJECT_VERSION = 1;
				DEVELOPMENT_TEAM = KWT52B2348;
				GENERATE_INFOPLIST_FILE = YES;
				IPHONEOS_DEPLOYMENT_TARGET = 15.2;
				MARKETING_VERSION = 1.0;
				PRODUCT_BUNDLE_IDENTIFIER = com.mrhangz.ExchangeRateTests;
				PRODUCT_NAME = "$(TARGET_NAME)";
				SWIFT_EMIT_LOC_STRINGS = NO;
				SWIFT_VERSION = 5.0;
				TARGETED_DEVICE_FAMILY = "1,2";
				TEST_HOST = "$(BUILT_PRODUCTS_DIR)/ExchangeRate.app/ExchangeRate";
			};
			name = Debug;
		};
		A83F37F727B2C7AE00766A40 /* Release */ = {
			isa = XCBuildConfiguration;
			buildSettings = {
				ALWAYS_EMBED_SWIFT_STANDARD_LIBRARIES = YES;
				BUNDLE_LOADER = "$(TEST_HOST)";
				CODE_SIGN_STYLE = Automatic;
				CURRENT_PROJECT_VERSION = 1;
				DEVELOPMENT_TEAM = KWT52B2348;
				GENERATE_INFOPLIST_FILE = YES;
				IPHONEOS_DEPLOYMENT_TARGET = 15.2;
				MARKETING_VERSION = 1.0;
				PRODUCT_BUNDLE_IDENTIFIER = com.mrhangz.ExchangeRateTests;
				PRODUCT_NAME = "$(TARGET_NAME)";
				SWIFT_EMIT_LOC_STRINGS = NO;
				SWIFT_VERSION = 5.0;
				TARGETED_DEVICE_FAMILY = "1,2";
				TEST_HOST = "$(BUILT_PRODUCTS_DIR)/ExchangeRate.app/ExchangeRate";
			};
			name = Release;
		};
		A83F37F927B2C7AE00766A40 /* Debug */ = {
			isa = XCBuildConfiguration;
			buildSettings = {
				ALWAYS_EMBED_SWIFT_STANDARD_LIBRARIES = YES;
				CODE_SIGN_STYLE = Automatic;
				CURRENT_PROJECT_VERSION = 1;
				DEVELOPMENT_TEAM = KWT52B2348;
				GENERATE_INFOPLIST_FILE = YES;
				MARKETING_VERSION = 1.0;
				PRODUCT_BUNDLE_IDENTIFIER = com.mrhangz.ExchangeRateUITests;
				PRODUCT_NAME = "$(TARGET_NAME)";
				SWIFT_EMIT_LOC_STRINGS = NO;
				SWIFT_VERSION = 5.0;
				TARGETED_DEVICE_FAMILY = "1,2";
				TEST_TARGET_NAME = ExchangeRate;
			};
			name = Debug;
		};
		A83F37FA27B2C7AE00766A40 /* Release */ = {
			isa = XCBuildConfiguration;
			buildSettings = {
				ALWAYS_EMBED_SWIFT_STANDARD_LIBRARIES = YES;
				CODE_SIGN_STYLE = Automatic;
				CURRENT_PROJECT_VERSION = 1;
				DEVELOPMENT_TEAM = KWT52B2348;
				GENERATE_INFOPLIST_FILE = YES;
				MARKETING_VERSION = 1.0;
				PRODUCT_BUNDLE_IDENTIFIER = com.mrhangz.ExchangeRateUITests;
				PRODUCT_NAME = "$(TARGET_NAME)";
				SWIFT_EMIT_LOC_STRINGS = NO;
				SWIFT_VERSION = 5.0;
				TARGETED_DEVICE_FAMILY = "1,2";
				TEST_TARGET_NAME = ExchangeRate;
			};
			name = Release;
		};
/* End XCBuildConfiguration section */

/* Begin XCConfigurationList section */
		A83F37C327B2C7AC00766A40 /* Build configuration list for PBXProject "ExchangeRate" */ = {
			isa = XCConfigurationList;
			buildConfigurations = (
				A83F37F027B2C7AE00766A40 /* Debug */,
				A83F37F127B2C7AE00766A40 /* Release */,
			);
			defaultConfigurationIsVisible = 0;
			defaultConfigurationName = Release;
		};
		A83F37F227B2C7AE00766A40 /* Build configuration list for PBXNativeTarget "ExchangeRate" */ = {
			isa = XCConfigurationList;
			buildConfigurations = (
				A83F37F327B2C7AE00766A40 /* Debug */,
				A83F37F427B2C7AE00766A40 /* Release */,
			);
			defaultConfigurationIsVisible = 0;
			defaultConfigurationName = Release;
		};
		A83F37F527B2C7AE00766A40 /* Build configuration list for PBXNativeTarget "ExchangeRateTests" */ = {
			isa = XCConfigurationList;
			buildConfigurations = (
				A83F37F627B2C7AE00766A40 /* Debug */,
				A83F37F727B2C7AE00766A40 /* Release */,
			);
			defaultConfigurationIsVisible = 0;
			defaultConfigurationName = Release;
		};
		A83F37F827B2C7AE00766A40 /* Build configuration list for PBXNativeTarget "ExchangeRateUITests" */ = {
			isa = XCConfigurationList;
			buildConfigurations = (
				A83F37F927B2C7AE00766A40 /* Debug */,
				A83F37FA27B2C7AE00766A40 /* Release */,
			);
			defaultConfigurationIsVisible = 0;
			defaultConfigurationName = Release;
		};
/* End XCConfigurationList section */
	};
	rootObject = A83F37C027B2C7AC00766A40 /* Project object */;
}
